
Microsoft Visual Studio Solution File, Format Version 12.00
# Visual Studio Version 17
VisualStudioVersion = 17.11.35327.3
MinimumVisualStudioVersion = 10.0.40219.1
Project("{9A19103F-16F7-4668-BE54-9A1E7A4F7556}") = "PointOfSale.WasmClient", "PointOfSale.WasmClient\PointOfSale.WasmClient.csproj", "{5F2C7203-969B-46FE-A2DE-3C4B0E05AC9A}"
EndProject
Project("{9A19103F-16F7-4668-BE54-9A1E7A4F7556}") = "PointOfSale.Api", "PointOfSale.Api\PointOfSale.Api.csproj", "{C4CC06A2-566C-4553-A5FF-A7520213CA7C}"
EndProject
Project("{9A19103F-16F7-4668-BE54-9A1E7A4F7556}") = "PointOfSale.Shared", "PointOfSale.Shared\PointOfSale.Shared.csproj", "{93880EFD-7416-4CCC-A222-F36644BB2728}"
EndProject
Global
	GlobalSection(SolutionConfigurationPlatforms) = preSolution
		Debug|Any CPU = Debug|Any CPU
		Release|Any CPU = Release|Any CPU
	EndGlobalSection
	GlobalSection(ProjectConfigurationPlatforms) = postSolution
		{5F2C7203-969B-46FE-A2DE-3C4B0E05AC9A}.Debug|Any CPU.ActiveCfg = Debug|Any CPU
		{5F2C7203-969B-46FE-A2DE-3C4B0E05AC9A}.Debug|Any CPU.Build.0 = Debug|Any CPU
		{5F2C7203-969B-46FE-A2DE-3C4B0E05AC9A}.Release|Any CPU.ActiveCfg = Release|Any CPU
		{5F2C7203-969B-46FE-A2DE-3C4B0E05AC9A}.Release|Any CPU.Build.0 = Release|Any CPU
		{C4CC06A2-566C-4553-A5FF-A7520213CA7C}.Debug|Any CPU.ActiveCfg = Debug|Any CPU
		{C4CC06A2-566C-4553-A5FF-A7520213CA7C}.Debug|Any CPU.Build.0 = Debug|Any CPU
		{C4CC06A2-566C-4553-A5FF-A7520213CA7C}.Release|Any CPU.ActiveCfg = Release|Any CPU
		{C4CC06A2-566C-4553-A5FF-A7520213CA7C}.Release|Any CPU.Build.0 = Release|Any CPU
		{93880EFD-7416-4CCC-A222-F36644BB2728}.Debug|Any CPU.ActiveCfg = Debug|Any CPU
		{93880EFD-7416-4CCC-A222-F36644BB2728}.Debug|Any CPU.Build.0 = Debug|Any CPU
		{93880EFD-7416-4CCC-A222-F36644BB2728}.Release|Any CPU.ActiveCfg = Release|Any CPU
		{93880EFD-7416-4CCC-A222-F36644BB2728}.Release|Any CPU.Build.0 = Release|Any CPU
	EndGlobalSection
	GlobalSection(SolutionProperties) = preSolution
		HideSolutionNode = FALSE
	EndGlobalSection
	GlobalSection(ExtensibilityGlobals) = postSolution
		SolutionGuid = {72A75794-49E2-4688-BAD2-ACD73240DEC5}
	EndGlobalSection
EndGlobal
